
Microsoft Visual Studio Solution File, Format Version 12.00
# Visual Studio Version 17
VisualStudioVersion = 17.0.31903.59
MinimumVisualStudioVersion = 10.0.40219.1
Project("{FAE04EC0-301F-11D3-BF4B-00C04F79EFBC}") = "Application", "Application\Application.csproj", "{184A059F-B9BC-4AA9-BCDE-FB3762FBE72D}"
EndProject
Project("{FAE04EC0-301F-11D3-BF4B-00C04F79EFBC}") = "DataAccess", "DataAccess\DataAccess.csproj", "{51B5CD64-A79B-4E00-AEAA-18F33CCF03B7}"
EndProject
Project("{FAE04EC0-301F-11D3-BF4B-00C04F79EFBC}") = "Domain", "Domain\Domain.csproj", "{4B961237-9518-439E-B35C-B99269821DC1}"
EndProject
Project("{FAE04EC0-301F-11D3-BF4B-00C04F79EFBC}") = "MinimalApi", "MinimalApi\MinimalApi.csproj", "{12B2FE17-CAC5-4CB3-BB53-FF4C7C7FAAEE}"
EndProject
Global
	GlobalSection(SolutionConfigurationPlatforms) = preSolution
		Debug|Any CPU = Debug|Any CPU
		Release|Any CPU = Release|Any CPU
	EndGlobalSection
	GlobalSection(SolutionProperties) = preSolution
		HideSolutionNode = FALSE
	EndGlobalSection
	GlobalSection(ProjectConfigurationPlatforms) = postSolution
		{184A059F-B9BC-4AA9-BCDE-FB3762FBE72D}.Debug|Any CPU.ActiveCfg = Debug|Any CPU
		{184A059F-B9BC-4AA9-BCDE-FB3762FBE72D}.Debug|Any CPU.Build.0 = Debug|Any CPU
		{184A059F-B9BC-4AA9-BCDE-FB3762FBE72D}.Release|Any CPU.ActiveCfg = Release|Any CPU
		{184A059F-B9BC-4AA9-BCDE-FB3762FBE72D}.Release|Any CPU.Build.0 = Release|Any CPU
		{51B5CD64-A79B-4E00-AEAA-18F33CCF03B7}.Debug|Any CPU.ActiveCfg = Debug|Any CPU
		{51B5CD64-A79B-4E00-AEAA-18F33CCF03B7}.Debug|Any CPU.Build.0 = Debug|Any CPU
		{51B5CD64-A79B-4E00-AEAA-18F33CCF03B7}.Release|Any CPU.ActiveCfg = Release|Any CPU
		{51B5CD64-A79B-4E00-AEAA-18F33CCF03B7}.Release|Any CPU.Build.0 = Release|Any CPU
		{4B961237-9518-439E-B35C-B99269821DC1}.Debug|Any CPU.ActiveCfg = Debug|Any CPU
		{4B961237-9518-439E-B35C-B99269821DC1}.Debug|Any CPU.Build.0 = Debug|Any CPU
		{4B961237-9518-439E-B35C-B99269821DC1}.Release|Any CPU.ActiveCfg = Release|Any CPU
		{4B961237-9518-439E-B35C-B99269821DC1}.Release|Any CPU.Build.0 = Release|Any CPU
		{12B2FE17-CAC5-4CB3-BB53-FF4C7C7FAAEE}.Debug|Any CPU.ActiveCfg = Debug|Any CPU
		{12B2FE17-CAC5-4CB3-BB53-FF4C7C7FAAEE}.Debug|Any CPU.Build.0 = Debug|Any CPU
		{12B2FE17-CAC5-4CB3-BB53-FF4C7C7FAAEE}.Release|Any CPU.ActiveCfg = Release|Any CPU
		{12B2FE17-CAC5-4CB3-BB53-FF4C7C7FAAEE}.Release|Any CPU.Build.0 = Release|Any CPU
	EndGlobalSection
EndGlobal
